
Microsoft Visual Studio Solution File, Format Version 12.00
# Visual Studio Version 17
VisualStudioVersion = 17.5.33530.505
MinimumVisualStudioVersion = 10.0.40219.1
Project("{FAE04EC0-301F-11D3-BF4B-00C04F79EFBC}") = "APIE_EXAMPLE_WEEK9", "APIE_EXAMPLE_WEEK9\APIE_EXAMPLE_WEEK9.csproj", "{70F583EE-6A06-4E46-BD97-C989B94308CB}"
EndProject
Global
	GlobalSection(SolutionConfigurationPlatforms) = preSolution
		Debug|Any CPU = Debug|Any CPU
		Release|Any CPU = Release|Any CPU
	EndGlobalSection
	GlobalSection(ProjectConfigurationPlatforms) = postSolution
		{70F583EE-6A06-4E46-BD97-C989B94308CB}.Debug|Any CPU.ActiveCfg = Debug|Any CPU
		{70F583EE-6A06-4E46-BD97-C989B94308CB}.Debug|Any CPU.Build.0 = Debug|Any CPU
		{70F583EE-6A06-4E46-BD97-C989B94308CB}.Release|Any CPU.ActiveCfg = Release|Any CPU
		{70F583EE-6A06-4E46-BD97-C989B94308CB}.Release|Any CPU.Build.0 = Release|Any CPU
	EndGlobalSection
	GlobalSection(SolutionProperties) = preSolution
		HideSolutionNode = FALSE
	EndGlobalSection
	GlobalSection(ExtensibilityGlobals) = postSolution
		SolutionGuid = {6B3B673A-B3A9-45F4-B88E-5F0F5C24F435}
	EndGlobalSection
EndGlobal
